
Microsoft Visual Studio Solution File, Format Version 12.00
# Visual Studio Version 16
VisualStudioVersion = 16.0.31410.357
MinimumVisualStudioVersion = 10.0.40219.1
Project("{FAE04EC0-301F-11D3-BF4B-00C04F79EFBC}") = "DataStructurePrograms", "DataStructurePrograms\DataStructurePrograms.csproj", "{59917CDC-3A11-4D74-B43A-D9219BC7FC90}"
EndProject
Global
	GlobalSection(SolutionConfigurationPlatforms) = preSolution
		Debug|Any CPU = Debug|Any CPU
		Release|Any CPU = Release|Any CPU
	EndGlobalSection
	GlobalSection(ProjectConfigurationPlatforms) = postSolution
		{59917CDC-3A11-4D74-B43A-D9219BC7FC90}.Debug|Any CPU.ActiveCfg = Debug|Any CPU
		{59917CDC-3A11-4D74-B43A-D9219BC7FC90}.Debug|Any CPU.Build.0 = Debug|Any CPU
		{59917CDC-3A11-4D74-B43A-D9219BC7FC90}.Release|Any CPU.ActiveCfg = Release|Any CPU
		{59917CDC-3A11-4D74-B43A-D9219BC7FC90}.Release|Any CPU.Build.0 = Release|Any CPU
	EndGlobalSection
	GlobalSection(SolutionProperties) = preSolution
		HideSolutionNode = FALSE
	EndGlobalSection
	GlobalSection(ExtensibilityGlobals) = postSolution
		SolutionGuid = {F2844444-F2AE-4C72-AE10-F0A6EF6FFA87}
	EndGlobalSection
EndGlobal
